// !$*UTF8*$!
{
	archiveVersion = 1;
	classes = {
	};
	objectVersion = 71;
	objects = {

/* Begin PBXBuildFile section */
		A001 /* StrivoryApp.swift in Sources */ = {isa = PBXBuildFile; fileRef = B001 /* StrivoryApp.swift */; };
		A002 /* Models.swift in Sources */ = {isa = PBXBuildFile; fileRef = B002 /* Models.swift */; };
		A003 /* HealthKitService.swift in Sources */ = {isa = PBXBuildFile; fileRef = B003 /* HealthKitService.swift */; };
		A004 /* CSVImporter.swift in Sources */ = {isa = PBXBuildFile; fileRef = B004 /* CSVImporter.swift */; };
		A005 /* AppStore.swift in Sources */ = {isa = PBXBuildFile; fileRef = B005 /* AppStore.swift */; };
		A006 /* ContentView.swift in Sources */ = {isa = PBXBuildFile; fileRef = B006 /* ContentView.swift */; };
		A007 /* ImportExportViews.swift in Sources */ = {isa = PBXBuildFile; fileRef = B007 /* ImportExportViews.swift */; };
		A008 /* HealthKit.framework in Frameworks */ = {isa = PBXBuildFile; fileRef = B009 /* HealthKit.framework */; };
		A009 /* Assets.xcassets in Resources */ = {isa = PBXBuildFile; fileRef = B011 /* Assets.xcassets */; };
		A010 /* LaunchScreen.storyboard in Resources */ = {isa = PBXBuildFile; fileRef = B012 /* LaunchScreen.storyboard */; };
		A011 /* Localizable.strings in Resources */ = {isa = PBXBuildFile; fileRef = B013 /* Localizable.strings */; };
		A012 /* InfoPlist.strings in Resources */ = {isa = PBXBuildFile; fileRef = B016 /* InfoPlist.strings */; };
/* End PBXBuildFile section */

/* Begin PBXFileReference section */
		B001 /* StrivoryApp.swift */ = {isa = PBXFileReference; lastKnownFileType = sourcecode.swift; path = StrivoryApp.swift; sourceTree = "<group>"; };
		B002 /* Models.swift */ = {isa = PBXFileReference; lastKnownFileType = sourcecode.swift; path = Models.swift; sourceTree = "<group>"; };
		B003 /* HealthKitService.swift */ = {isa = PBXFileReference; lastKnownFileType = sourcecode.swift; path = HealthKitService.swift; sourceTree = "<group>"; };
		B004 /* CSVImporter.swift */ = {isa = PBXFileReference; lastKnownFileType = sourcecode.swift; path = CSVImporter.swift; sourceTree = "<group>"; };
		B005 /* AppStore.swift */ = {isa = PBXFileReference; lastKnownFileType = sourcecode.swift; path = AppStore.swift; sourceTree = "<group>"; };
		B006 /* ContentView.swift */ = {isa = PBXFileReference; lastKnownFileType = sourcecode.swift; path = ContentView.swift; sourceTree = "<group>"; };
		B007 /* ImportExportViews.swift */ = {isa = PBXFileReference; lastKnownFileType = sourcecode.swift; path = ImportExportViews.swift; sourceTree = "<group>"; };
		B008 /* Strivory.entitlements */ = {isa = PBXFileReference; lastKnownFileType = text.plist.entitlements; path = Strivory.entitlements; sourceTree = "<group>"; };
		B009 /* HealthKit.framework */ = {isa = PBXFileReference; lastKnownFileType = wrapper.framework; name = HealthKit.framework; path = System/Library/Frameworks/HealthKit.framework; sourceTree = SDKROOT; };
		B010 /* Strivory.app */ = {isa = PBXFileReference; explicitFileType = wrapper.application; includeInIndex = 0; path = Strivory.app; sourceTree = BUILT_PRODUCTS_DIR; };
		B011 /* Assets.xcassets */ = {isa = PBXFileReference; lastKnownFileType = folder.assetcatalog; path = Assets.xcassets; sourceTree = "<group>"; };
		B012 /* LaunchScreen.storyboard */ = {isa = PBXFileReference; lastKnownFileType = file.storyboard; path = LaunchScreen.storyboard; sourceTree = "<group>"; };
		B014 /* en */ = {isa = PBXFileReference; lastKnownFileType = text.plist.strings; name = en; path = en.lproj/Localizable.strings; sourceTree = "<group>"; };
		B015 /* zh-Hans */ = {isa = PBXFileReference; lastKnownFileType = text.plist.strings; name = zh-Hans; path = zh-Hans.lproj/Localizable.strings; sourceTree = "<group>"; };
		B017 /* en */ = {isa = PBXFileReference; lastKnownFileType = text.plist.strings; name = en; path = en.lproj/InfoPlist.strings; sourceTree = "<group>"; };
		B018 /* zh-Hans */ = {isa = PBXFileReference; lastKnownFileType = text.plist.strings; name = zh-Hans; path = zh-Hans.lproj/InfoPlist.strings; sourceTree = "<group>"; };
/* End PBXFileReference section */

/* Begin PBXFrameworksBuildPhase section */
		C001 /* Frameworks */ = {
			isa = PBXFrameworksBuildPhase;
			buildActionMask = 2147483647;
			files = (
				A008 /* HealthKit.framework in Frameworks */,
			);
			runOnlyForDeploymentPostprocessing = 0;
		};
/* End PBXFrameworksBuildPhase section */

/* Begin PBXGroup section */
		D001 = {
			isa = PBXGroup;
			children = (
				D002 /* Strivory */,
				D003 /* Frameworks */,
				D004 /* Products */,
			);
			sourceTree = "<group>";
		};
		D002 /* Strivory */ = {
			isa = PBXGroup;
			children = (
				B001 /* StrivoryApp.swift */,
				B002 /* Models.swift */,
				B003 /* HealthKitService.swift */,
				B004 /* CSVImporter.swift */,
				B005 /* AppStore.swift */,
				B006 /* ContentView.swift */,
				B007 /* ImportExportViews.swift */,
				B008 /* Strivory.entitlements */,
				B011 /* Assets.xcassets */,
				B012 /* LaunchScreen.storyboard */,
				B013 /* Localizable.strings */,
				B016 /* InfoPlist.strings */,
			);
			path = Strivory;
			sourceTree = "<group>";
		};
		D003 /* Frameworks */ = {
			isa = PBXGroup;
			children = (
				B009 /* HealthKit.framework */,
			);
			name = Frameworks;
			sourceTree = "<group>";
		};
		D004 /* Products */ = {
			isa = PBXGroup;
			children = (
				B010 /* Strivory.app */,
			);
			name = Products;
			sourceTree = "<group>";
		};
/* End PBXGroup section */

/* Begin PBXVariantGroup section */
		B013 /* Localizable.strings */ = {
			isa = PBXVariantGroup;
			children = (
				B014 /* en */,
				B015 /* zh-Hans */,
			);
			name = Localizable.strings;
			sourceTree = "<group>";
		};
		B016 /* InfoPlist.strings */ = {
			isa = PBXVariantGroup;
			children = (
				B017 /* en */,
				B018 /* zh-Hans */,
			);
			name = InfoPlist.strings;
			sourceTree = "<group>";
		};
/* End PBXVariantGroup section */

/* Begin PBXNativeTarget section */
		E001 /* Strivory */ = {
			isa = PBXNativeTarget;
			buildConfigurationList = F003 /* Build configuration list for PBXNativeTarget "Strivory" */;
			buildPhases = (
				C002 /* Sources */,
				C001 /* Frameworks */,
				C003 /* Resources */,
			);
			buildRules = (
			);
			dependencies = (
			);
			name = Strivory;
			productName = Strivory;
			productReference = B010 /* Strivory.app */;
			productType = "com.apple.product-type.application";
		};
/* End PBXNativeTarget section */

/* Begin PBXProject section */
		F001 /* Project object */ = {
			isa = PBXProject;
			attributes = {
				BuildIndependentTargetsInParallel = 1;
				LastSwiftUpdateCheck = 2600;
				LastUpgradeCheck = 2620;
				TargetAttributes = {
					E001 = {
						CreatedOnToolsVersion = 26.2;
					};
				};
			};
			buildConfigurationList = F002 /* Build configuration list for PBXProject "Strivory" */;
			compatibilityVersion = "Xcode 16.0";
			developmentRegion = en;
			hasScannedForEncodings = 0;
			knownRegions = (
				en,
				Base,
				"zh-Hans",
			);
			mainGroup = D001;
			productRefGroup = D004 /* Products */;
			projectDirPath = "";
			projectRoot = "";
			targets = (
				E001 /* Strivory */,
			);
		};
/* End PBXProject section */

/* Begin PBXResourcesBuildPhase section */
		C003 /* Resources */ = {
			isa = PBXResourcesBuildPhase;
			buildActionMask = 2147483647;
			files = (
				A009 /* Assets.xcassets in Resources */,
				A010 /* LaunchScreen.storyboard in Resources */,
				A011 /* Localizable.strings in Resources */,
				A012 /* InfoPlist.strings in Resources */,
			);
			runOnlyForDeploymentPostprocessing = 0;
		};
/* End PBXResourcesBuildPhase section */

/* Begin PBXSourcesBuildPhase section */
		C002 /* Sources */ = {
			isa = PBXSourcesBuildPhase;
			buildActionMask = 2147483647;
			files = (
				A001 /* StrivoryApp.swift in Sources */,
				A002 /* Models.swift in Sources */,
				A003 /* HealthKitService.swift in Sources */,
				A004 /* CSVImporter.swift in Sources */,
				A005 /* AppStore.swift in Sources */,
				A006 /* ContentView.swift in Sources */,
				A007 /* ImportExportViews.swift in Sources */,
			);
			runOnlyForDeploymentPostprocessing = 0;
		};
/* End PBXSourcesBuildPhase section */

/* Begin XCBuildConfiguration section */
		G001 /* Debug */ = {
			isa = XCBuildConfiguration;
			buildSettings = {
				ALWAYS_SEARCH_USER_PATHS = NO;
				CLANG_ANALYZER_LOCALIZABILITY_NONLOCALIZED = YES;
				CLANG_ENABLE_MODULES = YES;
				CLANG_ENABLE_OBJC_ARC = YES;
				CLANG_WARN_BLOCK_CAPTURE_AUTORELEASING = YES;
				CLANG_WARN_BOOL_CONVERSION = YES;
				CLANG_WARN_COMMA = YES;
				CLANG_WARN_CONSTANT_CONVERSION = YES;
				CLANG_WARN_DEPRECATED_OBJC_IMPLEMENTATIONS = YES;
				CLANG_WARN_EMPTY_BODY = YES;
				CLANG_WARN_ENUM_CONVERSION = YES;
				CLANG_WARN_INFINITE_RECURSION = YES;
				CLANG_WARN_INT_CONVERSION = YES;
				CLANG_WARN_NON_LITERAL_NULL_CONVERSION = YES;
				CLANG_WARN_OBJC_IMPLICIT_RETAIN_SELF = YES;
				CLANG_WARN_OBJC_LITERAL_CONVERSION = YES;
				CLANG_WARN_QUOTED_INCLUDE_IN_FRAMEWORK_HEADER = YES;
				CLANG_WARN_RANGE_LOOP_ANALYSIS = YES;
				CLANG_WARN_STRICT_PROTOTYPES = YES;
				CLANG_WARN_SUSPICIOUS_MOVE = YES;
				CLANG_WARN_UNREACHABLE_CODE = YES;
				CLANG_WARN__DUPLICATE_METHOD_MATCH = YES;
				DEAD_CODE_STRIPPING = YES;
				DEVELOPMENT_TEAM = KC3GA3LQ4C;
				ENABLE_STRICT_OBJC_MSGSEND = YES;
				ENABLE_TESTABILITY = YES;
				ENABLE_USER_SCRIPT_SANDBOXING = YES;
				GCC_NO_COMMON_BLOCKS = YES;
				GCC_WARN_64_TO_32_BIT_CONVERSION = YES;
				GCC_WARN_ABOUT_RETURN_TYPE = YES;
				GCC_WARN_UNDECLARED_SELECTOR = YES;
				GCC_WARN_UNINITIALIZED_AUTOS = YES;
				GCC_WARN_UNUSED_FUNCTION = YES;
				GCC_WARN_UNUSED_VARIABLE = YES;
				ONLY_ACTIVE_ARCH = YES;
				STRING_CATALOG_GENERATE_SYMBOLS = YES;
				SWIFT_VERSION = 6.0;
			};
			name = Debug;
		};
		G002 /* Release */ = {
			isa = XCBuildConfiguration;
			buildSettings = {
				ALWAYS_SEARCH_USER_PATHS = NO;
				CLANG_ANALYZER_LOCALIZABILITY_NONLOCALIZED = YES;
				CLANG_ENABLE_MODULES = YES;
				CLANG_ENABLE_OBJC_ARC = YES;
				CLANG_WARN_BLOCK_CAPTURE_AUTORELEASING = YES;
				CLANG_WARN_BOOL_CONVERSION = YES;
				CLANG_WARN_COMMA = YES;
				CLANG_WARN_CONSTANT_CONVERSION = YES;
				CLANG_WARN_DEPRECATED_OBJC_IMPLEMENTATIONS = YES;
				CLANG_WARN_EMPTY_BODY = YES;
				CLANG_WARN_ENUM_CONVERSION = YES;
				CLANG_WARN_INFINITE_RECURSION = YES;
				CLANG_WARN_INT_CONVERSION = YES;
				CLANG_WARN_NON_LITERAL_NULL_CONVERSION = YES;
				CLANG_WARN_OBJC_IMPLICIT_RETAIN_SELF = YES;
				CLANG_WARN_OBJC_LITERAL_CONVERSION = YES;
				CLANG_WARN_QUOTED_INCLUDE_IN_FRAMEWORK_HEADER = YES;
				CLANG_WARN_RANGE_LOOP_ANALYSIS = YES;
				CLANG_WARN_STRICT_PROTOTYPES = YES;
				CLANG_WARN_SUSPICIOUS_MOVE = YES;
				CLANG_WARN_UNREACHABLE_CODE = YES;
				CLANG_WARN__DUPLICATE_METHOD_MATCH = YES;
				DEAD_CODE_STRIPPING = YES;
				DEVELOPMENT_TEAM = KC3GA3LQ4C;
				ENABLE_STRICT_OBJC_MSGSEND = YES;
				ENABLE_USER_SCRIPT_SANDBOXING = YES;
				GCC_NO_COMMON_BLOCKS = YES;
				GCC_WARN_64_TO_32_BIT_CONVERSION = YES;
				GCC_WARN_ABOUT_RETURN_TYPE = YES;
				GCC_WARN_UNDECLARED_SELECTOR = YES;
				GCC_WARN_UNINITIALIZED_AUTOS = YES;
				GCC_WARN_UNUSED_FUNCTION = YES;
				GCC_WARN_UNUSED_VARIABLE = YES;
				STRING_CATALOG_GENERATE_SYMBOLS = YES;
				SWIFT_COMPILATION_MODE = wholemodule;
				SWIFT_VERSION = 6.0;
			};
			name = Release;
		};
		G003 /* Debug */ = {
			isa = XCBuildConfiguration;
			buildSettings = {
				ASSETCATALOG_COMPILER_APPICON_NAME = AppIcon;
				CODE_SIGN_ENTITLEMENTS = Strivory/Strivory.entitlements;
				CODE_SIGN_IDENTITY = "Apple Development";
				CODE_SIGN_STYLE = Automatic;
				CURRENT_PROJECT_VERSION = 1;
				DEAD_CODE_STRIPPING = YES;
				ENABLE_HARDENED_RUNTIME = YES;
				GENERATE_INFOPLIST_FILE = YES;
				INFOPLIST_KEY_NSHealthShareUsageDescription = "Strivory reads your workouts to build your private movement calendar.";
				INFOPLIST_KEY_NSPhotoLibraryAddUsageDescription = "Strivory saves your exported movement calendar to your photo library.";
				INFOPLIST_KEY_UIRequiresFullScreen = YES;
				INFOPLIST_KEY_UILaunchStoryboardName = LaunchScreen;
				IPHONEOS_DEPLOYMENT_TARGET = 17.0;
				MARKETING_VERSION = 1.0;
				PRODUCT_BUNDLE_IDENTIFIER = com.pananq.strivory.app;
				PRODUCT_NAME = "$(TARGET_NAME)";
				PROVISIONING_PROFILE_SPECIFIER = "";
				SUPPORTED_PLATFORMS = "iphoneos iphonesimulator";
				SUPPORTS_MACCATALYST = NO;
				SWIFT_STRICT_CONCURRENCY = minimal;
				TARGETED_DEVICE_FAMILY = "1,2";
			};
			name = Debug;
		};
		G004 /* Release */ = {
			isa = XCBuildConfiguration;
			buildSettings = {
				ASSETCATALOG_COMPILER_APPICON_NAME = AppIcon;
				CODE_SIGN_ENTITLEMENTS = Strivory/Strivory.entitlements;
				CODE_SIGN_IDENTITY = "Apple Development";
				CODE_SIGN_STYLE = Automatic;
				CURRENT_PROJECT_VERSION = 1;
				DEAD_CODE_STRIPPING = YES;
				ENABLE_HARDENED_RUNTIME = YES;
				GENERATE_INFOPLIST_FILE = YES;
				INFOPLIST_KEY_NSHealthShareUsageDescription = "Strivory reads your workouts to build your private movement calendar.";
				INFOPLIST_KEY_NSPhotoLibraryAddUsageDescription = "Strivory saves your exported movement calendar to your photo library.";
				INFOPLIST_KEY_UIRequiresFullScreen = YES;
				INFOPLIST_KEY_UILaunchStoryboardName = LaunchScreen;
				IPHONEOS_DEPLOYMENT_TARGET = 17.0;
				MARKETING_VERSION = 1.0;
				PRODUCT_BUNDLE_IDENTIFIER = com.pananq.strivory.app;
				PRODUCT_NAME = "$(TARGET_NAME)";
				PROVISIONING_PROFILE_SPECIFIER = "";
				SUPPORTED_PLATFORMS = "iphoneos iphonesimulator";
				SUPPORTS_MACCATALYST = NO;
				SWIFT_STRICT_CONCURRENCY = minimal;
				TARGETED_DEVICE_FAMILY = "1,2";
			};
			name = Release;
		};
/* End XCBuildConfiguration section */

/* Begin XCConfigurationList section */
		F002 /* Build configuration list for PBXProject "Strivory" */ = {
			isa = XCConfigurationList;
			buildConfigurations = (
				G001 /* Debug */,
				G002 /* Release */,
			);
			defaultConfigurationIsVisible = 0;
			defaultConfigurationName = Release;
		};
		F003 /* Build configuration list for PBXNativeTarget "Strivory" */ = {
			isa = XCConfigurationList;
			buildConfigurations = (
				G003 /* Debug */,
				G004 /* Release */,
			);
			defaultConfigurationIsVisible = 0;
			defaultConfigurationName = Release;
		};
/* End XCConfigurationList section */
	};
	rootObject = F001 /* Project object */;
}
